// !$*UTF8*$!
{
	archiveVersion = 1;
	classes = {
	};
	objectVersion = 50;
	objects = {

/* Begin PBXBuildFile section */
		237FE15726B6B0FF00FDBF7C /* AppDelegate.swift in Sources */ = {isa = PBXBuildFile; fileRef = 237FE15626B6B0FF00FDBF7C /* AppDelegate.swift */; };
		237FE15926B6B0FF00FDBF7C /* SceneDelegate.swift in Sources */ = {isa = PBXBuildFile; fileRef = 237FE15826B6B0FF00FDBF7C /* SceneDelegate.swift */; };
		237FE15B26B6B0FF00FDBF7C /* ViewController.swift in Sources */ = {isa = PBXBuildFile; fileRef = 237FE15A26B6B0FF00FDBF7C /* ViewController.swift */; };
		237FE15E26B6B0FF00FDBF7C /* Main.storyboard in Resources */ = {isa = PBXBuildFile; fileRef = 237FE15C26B6B0FF00FDBF7C /* Main.storyboard */; };
		237FE16026B6B0FF00FDBF7C /* Assets.xcassets in Resources */ = {isa = PBXBuildFile; fileRef = 237FE15F26B6B0FF00FDBF7C /* Assets.xcassets */; };
		237FE16326B6B0FF00FDBF7C /* LaunchScreen.storyboard in Resources */ = {isa = PBXBuildFile; fileRef = 237FE16126B6B0FF00FDBF7C /* LaunchScreen.storyboard */; };
/* End PBXBuildFile section */

/* Begin PBXFileReference section */
		237FE15326B6B0FF00FDBF7C /* UIKit_TableView_01.app */ = {isa = PBXFileReference; explicitFileType = wrapper.application; includeInIndex = 0; path = UIKit_TableView_01.app; sourceTree = BUILT_PRODUCTS_DIR; };
		237FE15626B6B0FF00FDBF7C /* AppDelegate.swift */ = {isa = PBXFileReference; lastKnownFileType = sourcecode.swift; path = AppDelegate.swift; sourceTree = "<group>"; };
		237FE15826B6B0FF00FDBF7C /* SceneDelegate.swift */ = {isa = PBXFileReference; lastKnownFileType = sourcecode.swift; path = SceneDelegate.swift; sourceTree = "<group>"; };
		237FE15A26B6B0FF00FDBF7C /* ViewController.swift */ = {isa = PBXFileReference; lastKnownFileType = sourcecode.swift; path = ViewController.swift; sourceTree = "<group>"; };
		237FE15D26B6B0FF00FDBF7C /* Base */ = {isa = PBXFileReference; lastKnownFileType = file.storyboard; name = Base; path = Base.lproj/Main.storyboard; sourceTree = "<group>"; };
		237FE15F26B6B0FF00FDBF7C /* Assets.xcassets */ = {isa = PBXFileReference; lastKnownFileType = folder.assetcatalog; path = Assets.xcassets; sourceTree = "<group>"; };
		237FE16226B6B0FF00FDBF7C /* Base */ = {isa = PBXFileReference; lastKnownFileType = file.storyboard; name = Base; path = Base.lproj/LaunchScreen.storyboard; sourceTree = "<group>"; };
		237FE16426B6B0FF00FDBF7C /* Info.plist */ = {isa = PBXFileReference; lastKnownFileType = text.plist.xml; path = Info.plist; sourceTree = "<group>"; };
/* End PBXFileReference section */

/* Begin PBXFrameworksBuildPhase section */
		237FE15026B6B0FF00FDBF7C /* Frameworks */ = {
			isa = PBXFrameworksBuildPhase;
			buildActionMask = 2147483647;
			files = (
			);
			runOnlyForDeploymentPostprocessing = 0;
		};
/* End PBXFrameworksBuildPhase section */

/* Begin PBXGroup section */
		237FE14A26B6B0FF00FDBF7C = {
			isa = PBXGroup;
			children = (
				237FE15526B6B0FF00FDBF7C /* UIKit_TableView_01 */,
				237FE15426B6B0FF00FDBF7C /* Products */,
			);
			sourceTree = "<group>";
		};
		237FE15426B6B0FF00FDBF7C /* Products */ = {
			isa = PBXGroup;
			children = (
				237FE15326B6B0FF00FDBF7C /* UIKit_TableView_01.app */,
			);
			name = Products;
			sourceTree = "<group>";
		};
		237FE15526B6B0FF00FDBF7C /* UIKit_TableView_01 */ = {
			isa = PBXGroup;
			children = (
				237FE15626B6B0FF00FDBF7C /* AppDelegate.swift */,
				237FE15826B6B0FF00FDBF7C /* SceneDelegate.swift */,
				237FE15A26B6B0FF00FDBF7C /* ViewController.swift */,
				237FE15C26B6B0FF00FDBF7C /* Main.storyboard */,
				237FE15F26B6B0FF00FDBF7C /* Assets.xcassets */,
				237FE16126B6B0FF00FDBF7C /* LaunchScreen.storyboard */,
				237FE16426B6B0FF00FDBF7C /* Info.plist */,
			);
			path = UIKit_TableView_01;
			sourceTree = "<group>";
		};
/* End PBXGroup section */

/* Begin PBXNativeTarget section */
		237FE15226B6B0FF00FDBF7C /* UIKit_TableView_01 */ = {
			isa = PBXNativeTarget;
			buildConfigurationList = 237FE16726B6B0FF00FDBF7C /* Build configuration list for PBXNativeTarget "UIKit_TableView_01" */;
			buildPhases = (
				237FE14F26B6B0FF00FDBF7C /* Sources */,
				237FE15026B6B0FF00FDBF7C /* Frameworks */,
				237FE15126B6B0FF00FDBF7C /* Resources */,
			);
			buildRules = (
			);
			dependencies = (
			);
			name = UIKit_TableView_01;
			productName = UIKit_TableView_01;
			productReference = 237FE15326B6B0FF00FDBF7C /* UIKit_TableView_01.app */;
			productType = "com.apple.product-type.application";
		};
/* End PBXNativeTarget section */

/* Begin PBXProject section */
		237FE14B26B6B0FF00FDBF7C /* Project object */ = {
			isa = PBXProject;
			attributes = {
				LastSwiftUpdateCheck = 1250;
				LastUpgradeCheck = 1250;
				TargetAttributes = {
					237FE15226B6B0FF00FDBF7C = {
						CreatedOnToolsVersion = 12.5.1;
					};
				};
			};
			buildConfigurationList = 237FE14E26B6B0FF00FDBF7C /* Build configuration list for PBXProject "UIKit_TableView_01" */;
			compatibilityVersion = "Xcode 9.3";
			developmentRegion = en;
			hasScannedForEncodings = 0;
			knownRegions = (
				en,
				Base,
			);
			mainGroup = 237FE14A26B6B0FF00FDBF7C;
			productRefGroup = 237FE15426B6B0FF00FDBF7C /* Products */;
			projectDirPath = "";
			projectRoot = "";
			targets = (
				237FE15226B6B0FF00FDBF7C /* UIKit_TableView_01 */,
			);
		};
/* End PBXProject section */

/* Begin PBXResourcesBuildPhase section */
		237FE15126B6B0FF00FDBF7C /* Resources */ = {
			isa = PBXResourcesBuildPhase;
			buildActionMask = 2147483647;
			files = (
				237FE16326B6B0FF00FDBF7C /* LaunchScreen.storyboard in Resources */,
				237FE16026B6B0FF00FDBF7C /* Assets.xcassets in Resources */,
				237FE15E26B6B0FF00FDBF7C /* Main.storyboard in Resources */,
			);
			runOnlyForDeploymentPostprocessing = 0;
		};
/* End PBXResourcesBuildPhase section */

/* Begin PBXSourcesBuildPhase section */
		237FE14F26B6B0FF00FDBF7C /* Sources */ = {
			isa = PBXSourcesBuildPhase;
			buildActionMask = 2147483647;
			files = (
				237FE15B26B6B0FF00FDBF7C /* ViewController.swift in Sources */,
				237FE15726B6B0FF00FDBF7C /* AppDelegate.swift in Sources */,
				237FE15926B6B0FF00FDBF7C /* SceneDelegate.swift in Sources */,
			);
			runOnlyForDeploymentPostprocessing = 0;
		};
/* End PBXSourcesBuildPhase section */

/* Begin PBXVariantGroup section */
		237FE15C26B6B0FF00FDBF7C /* Main.storyboard */ = {
			isa = PBXVariantGroup;
			children = (
				237FE15D26B6B0FF00FDBF7C /* Base */,
			);
			name = Main.storyboard;
			sourceTree = "<group>";
		};
		237FE16126B6B0FF00FDBF7C /* LaunchScreen.storyboard */ = {
			isa = PBXVariantGroup;
			children = (
				237FE16226B6B0FF00FDBF7C /* Base */,
			);
			name = LaunchScreen.storyboard;
			sourceTree = "<group>";
		};
/* End PBXVariantGroup section */

/* Begin XCBuildConfiguration section */
		237FE16526B6B0FF00FDBF7C /* Debug */ = {
			isa = XCBuildConfiguration;
			buildSettings = {
				ALWAYS_SEARCH_USER_PATHS = NO;
				CLANG_ANALYZER_NONNULL = YES;
				CLANG_ANALYZER_NUMBER_OBJECT_CONVERSION = YES_AGGRESSIVE;
				CLANG_CXX_LANGUAGE_STANDARD = "gnu++14";
				CLANG_CXX_LIBRARY = "libc++";
				CLANG_ENABLE_MODULES = YES;
				CLANG_ENABLE_OBJC_ARC = YES;
				CLANG_ENABLE_OBJC_WEAK = YES;
				CLANG_WARN_BLOCK_CAPTURE_AUTORELEASING = YES;
				CLANG_WARN_BOOL_CONVERSION = YES;
				CLANG_WARN_COMMA = YES;
				CLANG_WARN_CONSTANT_CONVERSION = YES;
				CLANG_WARN_DEPRECATED_OBJC_IMPLEMENTATIONS = YES;
				CLANG_WARN_DIRECT_OBJC_ISA_USAGE = YES_ERROR;
				CLANG_WARN_DOCUMENTATION_COMMENTS = YES;
				CLANG_WARN_EMPTY_BODY = YES;
				CLANG_WARN_ENUM_CONVERSION = YES;
				CLANG_WARN_INFINITE_RECURSION = YES;
				CLANG_WARN_INT_CONVERSION = YES;
				CLANG_WARN_NON_LITERAL_NULL_CONVERSION = YES;
				CLANG_WARN_OBJC_IMPLICIT_RETAIN_SELF = YES;
				CLANG_WARN_OBJC_LITERAL_CONVERSION = YES;
				CLANG_WARN_OBJC_ROOT_CLASS = YES_ERROR;
				CLANG_WARN_QUOTED_INCLUDE_IN_FRAMEWORK_HEADER = YES;
				CLANG_WARN_RANGE_LOOP_ANALYSIS = YES;
				CLANG_WARN_STRICT_PROTOTYPES = YES;
				CLANG_WARN_SUSPICIOUS_MOVE = YES;
				CLANG_WARN_UNGUARDED_AVAILABILITY = YES_AGGRESSIVE;
				CLANG_WARN_UNREACHABLE_CODE = YES;
				CLANG_WARN__DUPLICATE_METHOD_MATCH = YES;
				COPY_PHASE_STRIP = NO;
				DEBUG_INFORMATION_FORMAT = dwarf;
				ENABLE_STRICT_OBJC_MSGSEND = YES;
				ENABLE_TESTABILITY = YES;
				GCC_C_LANGUAGE_STANDARD = gnu11;
				GCC_DYNAMIC_NO_PIC = NO;
				GCC_NO_COMMON_BLOCKS = YES;
				GCC_OPTIMIZATION_LEVEL = 0;
				GCC_PREPROCESSOR_DEFINITIONS = (
					"DEBUG=1",
					"$(inherited)",
				);
				GCC_WARN_64_TO_32_BIT_CONVERSION = YES;
				GCC_WARN_ABOUT_RETURN_TYPE = YES_ERROR;
				GCC_WARN_UNDECLARED_SELECTOR = YES;
				GCC_WARN_UNINITIALIZED_AUTOS = YES_AGGRESSIVE;
				GCC_WARN_UNUSED_FUNCTION = YES;
				GCC_WARN_UNUSED_VARIABLE = YES;
				IPHONEOS_DEPLOYMENT_TARGET = 14.5;
				MTL_ENABLE_DEBUG_INFO = INCLUDE_SOURCE;
				MTL_FAST_MATH = YES;
				ONLY_ACTIVE_ARCH = YES;
				SDKROOT = iphoneos;
				SWIFT_ACTIVE_COMPILATION_CONDITIONS = DEBUG;
				SWIFT_OPTIMIZATION_LEVEL = "-Onone";
			};
			name = Debug;
		};
		237FE16626B6B0FF00FDBF7C /* Release */ = {
			isa = XCBuildConfiguration;
			buildSettings = {
				ALWAYS_SEARCH_USER_PATHS = NO;
				CLANG_ANALYZER_NONNULL = YES;
				CLANG_ANALYZER_NUMBER_OBJECT_CONVERSION = YES_AGGRESSIVE;
				CLANG_CXX_LANGUAGE_STANDARD = "gnu++14";
				CLANG_CXX_LIBRARY = "libc++";
				CLANG_ENABLE_MODULES = YES;
				CLANG_ENABLE_OBJC_ARC = YES;
				CLANG_ENABLE_OBJC_WEAK = YES;
				CLANG_WARN_BLOCK_CAPTURE_AUTORELEASING = YES;
				CLANG_WARN_BOOL_CONVERSION = YES;
				CLANG_WARN_COMMA = YES;
				CLANG_WARN_CONSTANT_CONVERSION = YES;
				CLANG_WARN_DEPRECATED_OBJC_IMPLEMENTATIONS = YES;
				CLANG_WARN_DIRECT_OBJC_ISA_USAGE = YES_ERROR;
				CLANG_WARN_DOCUMENTATION_COMMENTS = YES;
				CLANG_WARN_EMPTY_BODY = YES;
				CLANG_WARN_ENUM_CONVERSION = YES;
				CLANG_WARN_INFINITE_RECURSION = YES;
				CLANG_WARN_INT_CONVERSION = YES;
				CLANG_WARN_NON_LITERAL_NULL_CONVERSION = YES;
				CLANG_WARN_OBJC_IMPLICIT_RETAIN_SELF = YES;
				CLANG_WARN_OBJC_LITERAL_CONVERSION = YES;
				CLANG_WARN_OBJC_ROOT_CLASS = YES_ERROR;
				CLANG_WARN_QUOTED_INCLUDE_IN_FRAMEWORK_HEADER = YES;
				CLANG_WARN_RANGE_LOOP_ANALYSIS = YES;
				CLANG_WARN_STRICT_PROTOTYPES = YES;
				CLANG_WARN_SUSPICIOUS_MOVE = YES;
				CLANG_WARN_UNGUARDED_AVAILABILITY = YES_AGGRESSIVE;
				CLANG_WARN_UNREACHABLE_CODE = YES;
				CLANG_WARN__DUPLICATE_METHOD_MATCH = YES;
				COPY_PHASE_STRIP = NO;
				DEBUG_INFORMATION_FORMAT = "dwarf-with-dsym";
				ENABLE_NS_ASSERTIONS = NO;
				ENABLE_STRICT_OBJC_MSGSEND = YES;
				GCC_C_LANGUAGE_STANDARD = gnu11;
				GCC_NO_COMMON_BLOCKS = YES;
				GCC_WARN_64_TO_32_BIT_CONVERSION = YES;
				GCC_WARN_ABOUT_RETURN_TYPE = YES_ERROR;
				GCC_WARN_UNDECLARED_SELECTOR = YES;
				GCC_WARN_UNINITIALIZED_AUTOS = YES_AGGRESSIVE;
				GCC_WARN_UNUSED_FUNCTION = YES;
				GCC_WARN_UNUSED_VARIABLE = YES;
				IPHONEOS_DEPLOYMENT_TARGET = 14.5;
				MTL_ENABLE_DEBUG_INFO = NO;
				MTL_FAST_MATH = YES;
				SDKROOT = iphoneos;
				SWIFT_COMPILATION_MODE = wholemodule;
				SWIFT_OPTIMIZATION_LEVEL = "-O";
				VALIDATE_PRODUCT = YES;
			};
			name = Release;
		};
		237FE16826B6B0FF00FDBF7C /* Debug */ = {
			isa = XCBuildConfiguration;
			buildSettings = {
				ASSETCATALOG_COMPILER_APPICON_NAME = AppIcon;
				ASSETCATALOG_COMPILER_GLOBAL_ACCENT_COLOR_NAME = AccentColor;
				CODE_SIGN_STYLE = Automatic;
				DEVELOPMENT_TEAM = X37S278753;
				INFOPLIST_FILE = UIKit_TableView_01/Info.plist;
				LD_RUNPATH_SEARCH_PATHS = (
					"$(inherited)",
					"@executable_path/Frameworks",
				);
				PRODUCT_BUNDLE_IDENTIFIER = "io.mabus.UIKit-TableView-01";
				PRODUCT_NAME = "$(TARGET_NAME)";
				SWIFT_VERSION = 5.0;
				TARGETED_DEVICE_FAMILY = "1,2";
			};
			name = Debug;
		};
		237FE16926B6B0FF00FDBF7C /* Release */ = {
			isa = XCBuildConfiguration;
			buildSettings = {
				ASSETCATALOG_COMPILER_APPICON_NAME = AppIcon;
				ASSETCATALOG_COMPILER_GLOBAL_ACCENT_COLOR_NAME = AccentColor;
				CODE_SIGN_STYLE = Automatic;
				DEVELOPMENT_TEAM = X37S278753;
				INFOPLIST_FILE = UIKit_TableView_01/Info.plist;
				LD_RUNPATH_SEARCH_PATHS = (
					"$(inherited)",
					"@executable_path/Frameworks",
				);
				PRODUCT_BUNDLE_IDENTIFIER = "io.mabus.UIKit-TableView-01";
				PRODUCT_NAME = "$(TARGET_NAME)";
				SWIFT_VERSION = 5.0;
				TARGETED_DEVICE_FAMILY = "1,2";
			};
			name = Release;
		};
/* End XCBuildConfiguration section */

/* Begin XCConfigurationList section */
		237FE14E26B6B0FF00FDBF7C /* Build configuration list for PBXProject "UIKit_TableView_01" */ = {
			isa = XCConfigurationList;
			buildConfigurations = (
				237FE16526B6B0FF00FDBF7C /* Debug */,
				237FE16626B6B0FF00FDBF7C /* Release */,
			);
			defaultConfigurationIsVisible = 0;
			defaultConfigurationName = Release;
		};
		237FE16726B6B0FF00FDBF7C /* Build configuration list for PBXNativeTarget "UIKit_TableView_01" */ = {
			isa = XCConfigurationList;
			buildConfigurations = (
				237FE16826B6B0FF00FDBF7C /* Debug */,
				237FE16926B6B0FF00FDBF7C /* Release */,
			);
			defaultConfigurationIsVisible = 0;
			defaultConfigurationName = Release;
		};
/* End XCConfigurationList section */
	};
	rootObject = 237FE14B26B6B0FF00FDBF7C /* Project object */;
}
